
Microsoft Visual Studio Solution File, Format Version 12.00
# Visual Studio Version 17
VisualStudioVersion = 17.12.35707.178 d17.12
MinimumVisualStudioVersion = 10.0.40219.1
Project("{FAE04EC0-301F-11D3-BF4B-00C04F79EFBC}") = "Server", "SETPDZ-2\Server.csproj", "{FFE3E2A3-4646-40D6-B016-636D7115A494}"
EndProject
Project("{FAE04EC0-301F-11D3-BF4B-00C04F79EFBC}") = "Client", "Client\Client.csproj", "{FCBCC077-F899-4734-B3C7-011618D34884}"
EndProject
Global
	GlobalSection(SolutionConfigurationPlatforms) = preSolution
		Debug|Any CPU = Debug|Any CPU
		Release|Any CPU = Release|Any CPU
	EndGlobalSection
	GlobalSection(ProjectConfigurationPlatforms) = postSolution
		{FFE3E2A3-4646-40D6-B016-636D7115A494}.Debug|Any CPU.ActiveCfg = Debug|Any CPU
		{FFE3E2A3-4646-40D6-B016-636D7115A494}.Debug|Any CPU.Build.0 = Debug|Any CPU
		{FFE3E2A3-4646-40D6-B016-636D7115A494}.Release|Any CPU.ActiveCfg = Release|Any CPU
		{FFE3E2A3-4646-40D6-B016-636D7115A494}.Release|Any CPU.Build.0 = Release|Any CPU
		{FCBCC077-F899-4734-B3C7-011618D34884}.Debug|Any CPU.ActiveCfg = Debug|Any CPU
		{FCBCC077-F899-4734-B3C7-011618D34884}.Debug|Any CPU.Build.0 = Debug|Any CPU
		{FCBCC077-F899-4734-B3C7-011618D34884}.Release|Any CPU.ActiveCfg = Release|Any CPU
		{FCBCC077-F899-4734-B3C7-011618D34884}.Release|Any CPU.Build.0 = Release|Any CPU
	EndGlobalSection
	GlobalSection(SolutionProperties) = preSolution
		HideSolutionNode = FALSE
	EndGlobalSection
EndGlobal
